
Microsoft Visual Studio Solution File, Format Version 9.00
# Visual Studio 2005
Project("{8BC9CEB8-8B4A-11D0-8D11-00A0C91BC942}") = "utvideo", "utvideo\utvideo.vcproj", "{7922358B-FEC7-43F8-82DC-0E6A57C1FD18}"
EndProject
Project("{54435603-DBB4-11D2-8724-00A0C9A8B90C}") = "setup", "setup\setup.vdproj", "{41E8B592-994C-4FC8-9560-D99E0B73EE39}"
	ProjectSection(ProjectDependencies) = postProject
		{9F47709C-CC4E-4286-BF62-C60482CC878F} = {9F47709C-CC4E-4286-BF62-C60482CC878F}
	EndProjectSection
EndProject
Project("{54435603-DBB4-11D2-8724-00A0C9A8B90C}") = "setup-x64", "setup-x64\setup-x64.vdproj", "{4232327C-2369-413F-A8BA-70A2818C6B0C}"
	ProjectSection(ProjectDependencies) = postProject
		{9F47709C-CC4E-4286-BF62-C60482CC878F} = {9F47709C-CC4E-4286-BF62-C60482CC878F}
	EndProjectSection
EndProject
Project("{8BC9CEB8-8B4A-11D0-8D11-00A0C91BC942}") = "utv_dmo", "utv_dmo\utv_dmo.vcproj", "{9F47709C-CC4E-4286-BF62-C60482CC878F}"
	ProjectSection(ProjectDependencies) = postProject
		{7922358B-FEC7-43F8-82DC-0E6A57C1FD18} = {7922358B-FEC7-43F8-82DC-0E6A57C1FD18}
	EndProjectSection
EndProject
Global
	GlobalSection(SolutionConfigurationPlatforms) = preSolution
		Debug|Win32 = Debug|Win32
		Debug|x64 = Debug|x64
		Release|Win32 = Release|Win32
		Release|x64 = Release|x64
	EndGlobalSection
	GlobalSection(ProjectConfigurationPlatforms) = postSolution
		{7922358B-FEC7-43F8-82DC-0E6A57C1FD18}.Debug|Win32.ActiveCfg = Debug|Win32
		{7922358B-FEC7-43F8-82DC-0E6A57C1FD18}.Debug|Win32.Build.0 = Debug|Win32
		{7922358B-FEC7-43F8-82DC-0E6A57C1FD18}.Debug|x64.ActiveCfg = Debug|x64
		{7922358B-FEC7-43F8-82DC-0E6A57C1FD18}.Debug|x64.Build.0 = Debug|x64
		{7922358B-FEC7-43F8-82DC-0E6A57C1FD18}.Release|Win32.ActiveCfg = Release|Win32
		{7922358B-FEC7-43F8-82DC-0E6A57C1FD18}.Release|Win32.Build.0 = Release|Win32
		{7922358B-FEC7-43F8-82DC-0E6A57C1FD18}.Release|x64.ActiveCfg = Release|x64
		{7922358B-FEC7-43F8-82DC-0E6A57C1FD18}.Release|x64.Build.0 = Release|x64
		{41E8B592-994C-4FC8-9560-D99E0B73EE39}.Debug|Win32.ActiveCfg = Debug
		{41E8B592-994C-4FC8-9560-D99E0B73EE39}.Debug|x64.ActiveCfg = Debug
		{41E8B592-994C-4FC8-9560-D99E0B73EE39}.Release|Win32.ActiveCfg = Release
		{41E8B592-994C-4FC8-9560-D99E0B73EE39}.Release|x64.ActiveCfg = Release
		{4232327C-2369-413F-A8BA-70A2818C6B0C}.Debug|Win32.ActiveCfg = Debug
		{4232327C-2369-413F-A8BA-70A2818C6B0C}.Debug|x64.ActiveCfg = Debug
		{4232327C-2369-413F-A8BA-70A2818C6B0C}.Release|Win32.ActiveCfg = Release
		{4232327C-2369-413F-A8BA-70A2818C6B0C}.Release|x64.ActiveCfg = Release
		{9F47709C-CC4E-4286-BF62-C60482CC878F}.Debug|Win32.ActiveCfg = Debug|Win32
		{9F47709C-CC4E-4286-BF62-C60482CC878F}.Debug|Win32.Build.0 = Debug|Win32
		{9F47709C-CC4E-4286-BF62-C60482CC878F}.Debug|x64.ActiveCfg = Debug|x64
		{9F47709C-CC4E-4286-BF62-C60482CC878F}.Debug|x64.Build.0 = Debug|x64
		{9F47709C-CC4E-4286-BF62-C60482CC878F}.Release|Win32.ActiveCfg = Release|Win32
		{9F47709C-CC4E-4286-BF62-C60482CC878F}.Release|Win32.Build.0 = Release|Win32
		{9F47709C-CC4E-4286-BF62-C60482CC878F}.Release|x64.ActiveCfg = Release|x64
		{9F47709C-CC4E-4286-BF62-C60482CC878F}.Release|x64.Build.0 = Release|x64
	EndGlobalSection
	GlobalSection(SolutionProperties) = preSolution
		HideSolutionNode = FALSE
	EndGlobalSection
EndGlobal
