
Microsoft Visual Studio Solution File, Format Version 9.00
# Visual Studio 2005
Project("{8BC9CEB8-8B4A-11D0-8D11-00A0C91BC942}") = "utv_core", "utv_core\utv_core.vcproj", "{7922358B-FEC7-43F8-82DC-0E6A57C1FD18}"
EndProject
Project("{8BC9CEB8-8B4A-11D0-8D11-00A0C91BC942}") = "utv_dmo", "utv_dmo\utv_dmo.vcproj", "{9F47709C-CC4E-4286-BF62-C60482CC878F}"
	ProjectSection(ProjectDependencies) = postProject
		{AA0F0E72-A0CC-49C7-A418-5680838E773C} = {AA0F0E72-A0CC-49C7-A418-5680838E773C}
		{7922358B-FEC7-43F8-82DC-0E6A57C1FD18} = {7922358B-FEC7-43F8-82DC-0E6A57C1FD18}
	EndProjectSection
EndProject
Project("{8BC9CEB8-8B4A-11D0-8D11-00A0C91BC942}") = "utv_cfg", "utv_cfg\utv_cfg.vcproj", "{FE411A31-5F19-4BC8-8206-880E7DCF00EB}"
	ProjectSection(ProjectDependencies) = postProject
		{7922358B-FEC7-43F8-82DC-0E6A57C1FD18} = {7922358B-FEC7-43F8-82DC-0E6A57C1FD18}
	EndProjectSection
EndProject
Project("{8BC9CEB8-8B4A-11D0-8D11-00A0C91BC942}") = "utv_vcm", "utv_vcm\utv_vcm.vcproj", "{680F6318-AC63-4AAF-9E77-A513204507CA}"
	ProjectSection(ProjectDependencies) = postProject
		{AA0F0E72-A0CC-49C7-A418-5680838E773C} = {AA0F0E72-A0CC-49C7-A418-5680838E773C}
		{7922358B-FEC7-43F8-82DC-0E6A57C1FD18} = {7922358B-FEC7-43F8-82DC-0E6A57C1FD18}
	EndProjectSection
EndProject
Project("{8BC9CEB8-8B4A-11D0-8D11-00A0C91BC942}") = "utv_test", "utv_test\utv_test.vcproj", "{39389F5C-2E82-47F9-A44A-0161E1B9D23D}"
	ProjectSection(ProjectDependencies) = postProject
		{7922358B-FEC7-43F8-82DC-0E6A57C1FD18} = {7922358B-FEC7-43F8-82DC-0E6A57C1FD18}
	EndProjectSection
EndProject
Project("{8BC9CEB8-8B4A-11D0-8D11-00A0C91BC942}") = "utv_wfmt", "utv_wfmt\utv_wfmt.vcproj", "{AA0F0E72-A0CC-49C7-A418-5680838E773C}"
	ProjectSection(ProjectDependencies) = postProject
		{7922358B-FEC7-43F8-82DC-0E6A57C1FD18} = {7922358B-FEC7-43F8-82DC-0E6A57C1FD18}
	EndProjectSection
EndProject
Global
	GlobalSection(SolutionConfigurationPlatforms) = preSolution
		Debug|Win32 = Debug|Win32
		Debug|x64 = Debug|x64
		Release|Win32 = Release|Win32
		Release|x64 = Release|x64
	EndGlobalSection
	GlobalSection(ProjectConfigurationPlatforms) = postSolution
		{7922358B-FEC7-43F8-82DC-0E6A57C1FD18}.Debug|Win32.ActiveCfg = Debug|Win32
		{7922358B-FEC7-43F8-82DC-0E6A57C1FD18}.Debug|Win32.Build.0 = Debug|Win32
		{7922358B-FEC7-43F8-82DC-0E6A57C1FD18}.Debug|x64.ActiveCfg = Debug|x64
		{7922358B-FEC7-43F8-82DC-0E6A57C1FD18}.Debug|x64.Build.0 = Debug|x64
		{7922358B-FEC7-43F8-82DC-0E6A57C1FD18}.Release|Win32.ActiveCfg = Release|Win32
		{7922358B-FEC7-43F8-82DC-0E6A57C1FD18}.Release|Win32.Build.0 = Release|Win32
		{7922358B-FEC7-43F8-82DC-0E6A57C1FD18}.Release|x64.ActiveCfg = Release|x64
		{7922358B-FEC7-43F8-82DC-0E6A57C1FD18}.Release|x64.Build.0 = Release|x64
		{9F47709C-CC4E-4286-BF62-C60482CC878F}.Debug|Win32.ActiveCfg = Debug|Win32
		{9F47709C-CC4E-4286-BF62-C60482CC878F}.Debug|Win32.Build.0 = Debug|Win32
		{9F47709C-CC4E-4286-BF62-C60482CC878F}.Debug|x64.ActiveCfg = Debug|x64
		{9F47709C-CC4E-4286-BF62-C60482CC878F}.Debug|x64.Build.0 = Debug|x64
		{9F47709C-CC4E-4286-BF62-C60482CC878F}.Release|Win32.ActiveCfg = Release|Win32
		{9F47709C-CC4E-4286-BF62-C60482CC878F}.Release|Win32.Build.0 = Release|Win32
		{9F47709C-CC4E-4286-BF62-C60482CC878F}.Release|x64.ActiveCfg = Release|x64
		{9F47709C-CC4E-4286-BF62-C60482CC878F}.Release|x64.Build.0 = Release|x64
		{FE411A31-5F19-4BC8-8206-880E7DCF00EB}.Debug|Win32.ActiveCfg = Debug|Win32
		{FE411A31-5F19-4BC8-8206-880E7DCF00EB}.Debug|Win32.Build.0 = Debug|Win32
		{FE411A31-5F19-4BC8-8206-880E7DCF00EB}.Debug|x64.ActiveCfg = Debug|x64
		{FE411A31-5F19-4BC8-8206-880E7DCF00EB}.Debug|x64.Build.0 = Debug|x64
		{FE411A31-5F19-4BC8-8206-880E7DCF00EB}.Release|Win32.ActiveCfg = Release|Win32
		{FE411A31-5F19-4BC8-8206-880E7DCF00EB}.Release|Win32.Build.0 = Release|Win32
		{FE411A31-5F19-4BC8-8206-880E7DCF00EB}.Release|x64.ActiveCfg = Release|x64
		{FE411A31-5F19-4BC8-8206-880E7DCF00EB}.Release|x64.Build.0 = Release|x64
		{680F6318-AC63-4AAF-9E77-A513204507CA}.Debug|Win32.ActiveCfg = Debug|Win32
		{680F6318-AC63-4AAF-9E77-A513204507CA}.Debug|Win32.Build.0 = Debug|Win32
		{680F6318-AC63-4AAF-9E77-A513204507CA}.Debug|x64.ActiveCfg = Debug|x64
		{680F6318-AC63-4AAF-9E77-A513204507CA}.Debug|x64.Build.0 = Debug|x64
		{680F6318-AC63-4AAF-9E77-A513204507CA}.Release|Win32.ActiveCfg = Release|Win32
		{680F6318-AC63-4AAF-9E77-A513204507CA}.Release|Win32.Build.0 = Release|Win32
		{680F6318-AC63-4AAF-9E77-A513204507CA}.Release|x64.ActiveCfg = Release|x64
		{680F6318-AC63-4AAF-9E77-A513204507CA}.Release|x64.Build.0 = Release|x64
		{39389F5C-2E82-47F9-A44A-0161E1B9D23D}.Debug|Win32.ActiveCfg = Debug|Win32
		{39389F5C-2E82-47F9-A44A-0161E1B9D23D}.Debug|Win32.Build.0 = Debug|Win32
		{39389F5C-2E82-47F9-A44A-0161E1B9D23D}.Debug|x64.ActiveCfg = Debug|x64
		{39389F5C-2E82-47F9-A44A-0161E1B9D23D}.Debug|x64.Build.0 = Debug|x64
		{39389F5C-2E82-47F9-A44A-0161E1B9D23D}.Release|Win32.ActiveCfg = Release|Win32
		{39389F5C-2E82-47F9-A44A-0161E1B9D23D}.Release|Win32.Build.0 = Release|Win32
		{39389F5C-2E82-47F9-A44A-0161E1B9D23D}.Release|x64.ActiveCfg = Release|x64
		{39389F5C-2E82-47F9-A44A-0161E1B9D23D}.Release|x64.Build.0 = Release|x64
		{AA0F0E72-A0CC-49C7-A418-5680838E773C}.Debug|Win32.ActiveCfg = Debug|Win32
		{AA0F0E72-A0CC-49C7-A418-5680838E773C}.Debug|Win32.Build.0 = Debug|Win32
		{AA0F0E72-A0CC-49C7-A418-5680838E773C}.Debug|x64.ActiveCfg = Debug|x64
		{AA0F0E72-A0CC-49C7-A418-5680838E773C}.Debug|x64.Build.0 = Debug|x64
		{AA0F0E72-A0CC-49C7-A418-5680838E773C}.Release|Win32.ActiveCfg = Release|Win32
		{AA0F0E72-A0CC-49C7-A418-5680838E773C}.Release|Win32.Build.0 = Release|Win32
		{AA0F0E72-A0CC-49C7-A418-5680838E773C}.Release|x64.ActiveCfg = Release|x64
		{AA0F0E72-A0CC-49C7-A418-5680838E773C}.Release|x64.Build.0 = Release|x64
	EndGlobalSection
	GlobalSection(SolutionProperties) = preSolution
		HideSolutionNode = FALSE
	EndGlobalSection
EndGlobal
