// !$*UTF8*$!
{
	archiveVersion = 1;
	classes = {
	};
	objectVersion = 42;
	objects = {

/* Begin PBXBuildFile section */
		2529170114D02DCB00A3813C /* CoreVideo.framework in Frameworks */ = {isa = PBXBuildFile; fileRef = 2529170014D02DCB00A3813C /* CoreVideo.framework */; };
		2564C7B914823C7E00F1A9EB /* Convert_asm_x86.asm in Sources */ = {isa = PBXBuildFile; fileRef = 2564C7B414823C7E00F1A9EB /* Convert_asm_x86.asm */; settings = {COMPILER_FLAGS = "-i utv_core/"; }; };
		2564C7BA14823C7E00F1A9EB /* HuffmanCode_asm_x86.asm in Sources */ = {isa = PBXBuildFile; fileRef = 2564C7B514823C7E00F1A9EB /* HuffmanCode_asm_x86.asm */; settings = {COMPILER_FLAGS = "-i utv_core/"; }; };
		2564C7BB14823C7E00F1A9EB /* Predict_asm_x86.asm in Sources */ = {isa = PBXBuildFile; fileRef = 2564C7B614823C7E00F1A9EB /* Predict_asm_x86.asm */; settings = {COMPILER_FLAGS = "-i utv_core/"; }; };
		25817AEA175A052D00888CE2 /* ULYUV420Codec.cpp in Sources */ = {isa = PBXBuildFile; fileRef = 25817AE6175A052D00888CE2 /* ULYUV420Codec.cpp */; };
		25817AEB175A052D00888CE2 /* ULYUV422Codec.cpp in Sources */ = {isa = PBXBuildFile; fileRef = 25817AE8175A052D00888CE2 /* ULYUV422Codec.cpp */; };
		258DB4001411F91A0059F47E /* Codec.cpp in Sources */ = {isa = PBXBuildFile; fileRef = 258DB3D41411F8600059F47E /* Codec.cpp */; };
		258DB4011411F9290059F47E /* Convert.cpp in Sources */ = {isa = PBXBuildFile; fileRef = 258DB3D61411F8600059F47E /* Convert.cpp */; };
		258DB4021411F9290059F47E /* DummyCodec.cpp in Sources */ = {isa = PBXBuildFile; fileRef = 258DB3D81411F8600059F47E /* DummyCodec.cpp */; };
		258DB4041411F9290059F47E /* FrameBuffer.cpp in Sources */ = {isa = PBXBuildFile; fileRef = 258DB3DC1411F8600059F47E /* FrameBuffer.cpp */; };
		258DB4051411F9290059F47E /* GlobalConfig.cpp in Sources */ = {isa = PBXBuildFile; fileRef = 258DB3DE1411F8600059F47E /* GlobalConfig.cpp */; };
		258DB4061411F9290059F47E /* HuffmanCode.cpp in Sources */ = {isa = PBXBuildFile; fileRef = 258DB3E01411F8600059F47E /* HuffmanCode.cpp */; };
		258DB4071411F9290059F47E /* Predict.cpp in Sources */ = {isa = PBXBuildFile; fileRef = 258DB3E21411F8600059F47E /* Predict.cpp */; };
		258DB4081411F9290059F47E /* Thread.cpp in Sources */ = {isa = PBXBuildFile; fileRef = 258DB3E51411F8600059F47E /* Thread.cpp */; };
		258DB4091411F9290059F47E /* TunedFunc.cpp in Sources */ = {isa = PBXBuildFile; fileRef = 258DB3E71411F8600059F47E /* TunedFunc.cpp */; };
		258DB40A1411F9290059F47E /* UL00Codec.cpp in Sources */ = {isa = PBXBuildFile; fileRef = 258DB3E91411F8600059F47E /* UL00Codec.cpp */; };
		258DB40B1411F9290059F47E /* ULRACodec.cpp in Sources */ = {isa = PBXBuildFile; fileRef = 258DB3EB1411F8600059F47E /* ULRACodec.cpp */; };
		258DB40C1411F9290059F47E /* ULRGCodec.cpp in Sources */ = {isa = PBXBuildFile; fileRef = 258DB3ED1411F8600059F47E /* ULRGCodec.cpp */; };
		258DB40F1411F9290059F47E /* utv_core.cpp in Sources */ = {isa = PBXBuildFile; fileRef = 258DB3F31411F8600059F47E /* utv_core.cpp */; };
		25A0B6631605DC4F005B2E55 /* Format.cpp in Sources */ = {isa = PBXBuildFile; fileRef = 25A0B6611605DC4F005B2E55 /* Format.cpp */; };
		25A4DCE317241CF300BEE7FB /* CPUID_asm_x86.asm in Sources */ = {isa = PBXBuildFile; fileRef = 25A4DCE117241CF300BEE7FB /* CPUID_asm_x86.asm */; settings = {COMPILER_FLAGS = "-i utv_core/"; }; };
		25CCB6F518FD137F00076B45 /* CodecBase.cpp in Sources */ = {isa = PBXBuildFile; fileRef = 25CCB6EE18FD137F00076B45 /* CodecBase.cpp */; };
		25CCB6F618FD137F00076B45 /* UQ00Codec.cpp in Sources */ = {isa = PBXBuildFile; fileRef = 25CCB6F018FD137F00076B45 /* UQ00Codec.cpp */; };
		25CCB6F718FD137F00076B45 /* UQY2Codec.cpp in Sources */ = {isa = PBXBuildFile; fileRef = 25CCB6F218FD137F00076B45 /* UQY2Codec.cpp */; };
		25D59BCE14CD624800FDCD1F /* QTCodec.cpp in Sources */ = {isa = PBXBuildFile; fileRef = 25D59BCC14CD624800FDCD1F /* QTCodec.cpp */; };
		25D59BE014CD6BA300FDCD1F /* QTEncoder.cpp in Sources */ = {isa = PBXBuildFile; fileRef = 25D59BDD14CD6BA300FDCD1F /* QTEncoder.cpp */; };
		25F09D4314122EC900D214B9 /* QTDecoder.cpp in Sources */ = {isa = PBXBuildFile; fileRef = 25F09D3E14122EC800D214B9 /* QTDecoder.cpp */; };
		25F09D4414122EC900D214B9 /* utv_qt.r in Rez */ = {isa = PBXBuildFile; fileRef = 25F09D4214122EC900D214B9 /* utv_qt.r */; };
		25F09D5514122FB800D214B9 /* Carbon.framework in Frameworks */ = {isa = PBXBuildFile; fileRef = 25F09D5414122FB800D214B9 /* Carbon.framework */; };
		25F09D5C14122FCF00D214B9 /* QuickTime.framework in Frameworks */ = {isa = PBXBuildFile; fileRef = 25F09D5B14122FCF00D214B9 /* QuickTime.framework */; };
/* End PBXBuildFile section */

/* Begin PBXFileReference section */
		2510B6B41417BCB100EA5F2F /* Mutex.h */ = {isa = PBXFileReference; fileEncoding = 8; lastKnownFileType = sourcecode.c.h; name = Mutex.h; path = utv_qt/Mutex.h; sourceTree = "<group>"; };
		2510B6C31417BDDE00EA5F2F /* utv_qt.in.r */ = {isa = PBXFileReference; fileEncoding = 8; lastKnownFileType = sourcecode.rez; name = utv_qt.in.r; path = utv_qt/utv_qt.in.r; sourceTree = "<group>"; };
		2529170014D02DCB00A3813C /* CoreVideo.framework */ = {isa = PBXFileReference; lastKnownFileType = wrapper.framework; name = CoreVideo.framework; path = System/Library/Frameworks/CoreVideo.framework; sourceTree = SDKROOT; };
		25307212175CC27500FB4793 /* Coefficient_asm_x86x64.mac */ = {isa = PBXFileReference; explicitFileType = sourcecode.nasm; fileEncoding = 8; name = Coefficient_asm_x86x64.mac; path = utv_core/Coefficient_asm_x86x64.mac; sourceTree = "<group>"; };
		25307213175CC27500FB4793 /* Coefficient_nasm.mac */ = {isa = PBXFileReference; explicitFileType = sourcecode.nasm; fileEncoding = 8; name = Coefficient_nasm.mac; path = utv_core/Coefficient_nasm.mac; sourceTree = "<group>"; };
		2564C7B314823C7D00F1A9EB /* Common_asm_x86.mac */ = {isa = PBXFileReference; explicitFileType = sourcecode.nasm; fileEncoding = 8; name = Common_asm_x86.mac; path = utv_core/Common_asm_x86.mac; sourceTree = "<group>"; };
		2564C7B414823C7E00F1A9EB /* Convert_asm_x86.asm */ = {isa = PBXFileReference; explicitFileType = sourcecode.nasm; fileEncoding = 8; name = Convert_asm_x86.asm; path = utv_core/Convert_asm_x86.asm; sourceTree = "<group>"; };
		2564C7B514823C7E00F1A9EB /* HuffmanCode_asm_x86.asm */ = {isa = PBXFileReference; explicitFileType = sourcecode.nasm; fileEncoding = 8; name = HuffmanCode_asm_x86.asm; path = utv_core/HuffmanCode_asm_x86.asm; sourceTree = "<group>"; };
		2564C7B614823C7E00F1A9EB /* Predict_asm_x86.asm */ = {isa = PBXFileReference; explicitFileType = sourcecode.nasm; fileEncoding = 8; name = Predict_asm_x86.asm; path = utv_core/Predict_asm_x86.asm; sourceTree = "<group>"; };
		25817AE4175A052D00888CE2 /* Coefficient.h */ = {isa = PBXFileReference; fileEncoding = 8; lastKnownFileType = sourcecode.c.h; name = Coefficient.h; path = utv_core/Coefficient.h; sourceTree = "<group>"; };
		25817AE5175A052D00888CE2 /* ColorOrder.h */ = {isa = PBXFileReference; fileEncoding = 8; lastKnownFileType = sourcecode.c.h; name = ColorOrder.h; path = utv_core/ColorOrder.h; sourceTree = "<group>"; };
		25817AE6175A052D00888CE2 /* ULYUV420Codec.cpp */ = {isa = PBXFileReference; fileEncoding = 8; lastKnownFileType = sourcecode.cpp.cpp; name = ULYUV420Codec.cpp; path = utv_core/ULYUV420Codec.cpp; sourceTree = "<group>"; };
		25817AE7175A052D00888CE2 /* ULYUV420Codec.h */ = {isa = PBXFileReference; fileEncoding = 8; lastKnownFileType = sourcecode.c.h; name = ULYUV420Codec.h; path = utv_core/ULYUV420Codec.h; sourceTree = "<group>"; };
		25817AE8175A052D00888CE2 /* ULYUV422Codec.cpp */ = {isa = PBXFileReference; fileEncoding = 8; lastKnownFileType = sourcecode.cpp.cpp; name = ULYUV422Codec.cpp; path = utv_core/ULYUV422Codec.cpp; sourceTree = "<group>"; };
		25817AE9175A052D00888CE2 /* ULYUV422Codec.h */ = {isa = PBXFileReference; fileEncoding = 8; lastKnownFileType = sourcecode.c.h; name = ULYUV422Codec.h; path = utv_core/ULYUV422Codec.h; sourceTree = "<group>"; };
		258DB3D41411F8600059F47E /* Codec.cpp */ = {isa = PBXFileReference; fileEncoding = 8; lastKnownFileType = sourcecode.cpp.cpp; name = Codec.cpp; path = utv_core/Codec.cpp; sourceTree = "<group>"; };
		258DB3D51411F8600059F47E /* Codec.h */ = {isa = PBXFileReference; fileEncoding = 8; lastKnownFileType = sourcecode.c.h; name = Codec.h; path = utv_core/Codec.h; sourceTree = "<group>"; };
		258DB3D61411F8600059F47E /* Convert.cpp */ = {isa = PBXFileReference; fileEncoding = 8; lastKnownFileType = sourcecode.cpp.cpp; name = Convert.cpp; path = utv_core/Convert.cpp; sourceTree = "<group>"; };
		258DB3D71411F8600059F47E /* Convert.h */ = {isa = PBXFileReference; fileEncoding = 8; lastKnownFileType = sourcecode.c.h; name = Convert.h; path = utv_core/Convert.h; sourceTree = "<group>"; };
		258DB3D81411F8600059F47E /* DummyCodec.cpp */ = {isa = PBXFileReference; fileEncoding = 8; lastKnownFileType = sourcecode.cpp.cpp; name = DummyCodec.cpp; path = utv_core/DummyCodec.cpp; sourceTree = "<group>"; };
		258DB3D91411F8600059F47E /* DummyCodec.h */ = {isa = PBXFileReference; fileEncoding = 8; lastKnownFileType = sourcecode.c.h; name = DummyCodec.h; path = utv_core/DummyCodec.h; sourceTree = "<group>"; };
		258DB3DC1411F8600059F47E /* FrameBuffer.cpp */ = {isa = PBXFileReference; fileEncoding = 8; lastKnownFileType = sourcecode.cpp.cpp; name = FrameBuffer.cpp; path = utv_core/FrameBuffer.cpp; sourceTree = "<group>"; };
		258DB3DD1411F8600059F47E /* FrameBuffer.h */ = {isa = PBXFileReference; fileEncoding = 8; lastKnownFileType = sourcecode.c.h; name = FrameBuffer.h; path = utv_core/FrameBuffer.h; sourceTree = "<group>"; };
		258DB3DE1411F8600059F47E /* GlobalConfig.cpp */ = {isa = PBXFileReference; fileEncoding = 8; lastKnownFileType = sourcecode.cpp.cpp; name = GlobalConfig.cpp; path = utv_core/GlobalConfig.cpp; sourceTree = "<group>"; };
		258DB3DF1411F8600059F47E /* GlobalConfig.h */ = {isa = PBXFileReference; fileEncoding = 8; lastKnownFileType = sourcecode.c.h; name = GlobalConfig.h; path = utv_core/GlobalConfig.h; sourceTree = "<group>"; };
		258DB3E01411F8600059F47E /* HuffmanCode.cpp */ = {isa = PBXFileReference; fileEncoding = 8; lastKnownFileType = sourcecode.cpp.cpp; name = HuffmanCode.cpp; path = utv_core/HuffmanCode.cpp; sourceTree = "<group>"; };
		258DB3E11411F8600059F47E /* HuffmanCode.h */ = {isa = PBXFileReference; fileEncoding = 8; lastKnownFileType = sourcecode.c.h; name = HuffmanCode.h; path = utv_core/HuffmanCode.h; sourceTree = "<group>"; };
		258DB3E21411F8600059F47E /* Predict.cpp */ = {isa = PBXFileReference; fileEncoding = 8; lastKnownFileType = sourcecode.cpp.cpp; name = Predict.cpp; path = utv_core/Predict.cpp; sourceTree = "<group>"; };
		258DB3E31411F8600059F47E /* Predict.h */ = {isa = PBXFileReference; fileEncoding = 8; lastKnownFileType = sourcecode.c.h; name = Predict.h; path = utv_core/Predict.h; sourceTree = "<group>"; };
		258DB3E41411F8600059F47E /* stdafx.h */ = {isa = PBXFileReference; fileEncoding = 8; lastKnownFileType = sourcecode.c.h; name = stdafx.h; path = utv_core/stdafx.h; sourceTree = "<group>"; };
		258DB3E51411F8600059F47E /* Thread.cpp */ = {isa = PBXFileReference; fileEncoding = 8; lastKnownFileType = sourcecode.cpp.cpp; name = Thread.cpp; path = utv_core/Thread.cpp; sourceTree = "<group>"; };
		258DB3E61411F8600059F47E /* Thread.h */ = {isa = PBXFileReference; fileEncoding = 8; lastKnownFileType = sourcecode.c.h; name = Thread.h; path = utv_core/Thread.h; sourceTree = "<group>"; };
		258DB3E71411F8600059F47E /* TunedFunc.cpp */ = {isa = PBXFileReference; fileEncoding = 8; lastKnownFileType = sourcecode.cpp.cpp; name = TunedFunc.cpp; path = utv_core/TunedFunc.cpp; sourceTree = "<group>"; };
		258DB3E81411F8600059F47E /* TunedFunc.h */ = {isa = PBXFileReference; fileEncoding = 8; lastKnownFileType = sourcecode.c.h; name = TunedFunc.h; path = utv_core/TunedFunc.h; sourceTree = "<group>"; };
		258DB3E91411F8600059F47E /* UL00Codec.cpp */ = {isa = PBXFileReference; fileEncoding = 8; lastKnownFileType = sourcecode.cpp.cpp; name = UL00Codec.cpp; path = utv_core/UL00Codec.cpp; sourceTree = "<group>"; };
		258DB3EA1411F8600059F47E /* UL00Codec.h */ = {isa = PBXFileReference; fileEncoding = 8; lastKnownFileType = sourcecode.c.h; name = UL00Codec.h; path = utv_core/UL00Codec.h; sourceTree = "<group>"; };
		258DB3EB1411F8600059F47E /* ULRACodec.cpp */ = {isa = PBXFileReference; fileEncoding = 8; lastKnownFileType = sourcecode.cpp.cpp; name = ULRACodec.cpp; path = utv_core/ULRACodec.cpp; sourceTree = "<group>"; };
		258DB3EC1411F8600059F47E /* ULRACodec.h */ = {isa = PBXFileReference; fileEncoding = 8; lastKnownFileType = sourcecode.c.h; name = ULRACodec.h; path = utv_core/ULRACodec.h; sourceTree = "<group>"; };
		258DB3ED1411F8600059F47E /* ULRGCodec.cpp */ = {isa = PBXFileReference; fileEncoding = 8; lastKnownFileType = sourcecode.cpp.cpp; name = ULRGCodec.cpp; path = utv_core/ULRGCodec.cpp; sourceTree = "<group>"; };
		258DB3EE1411F8600059F47E /* ULRGCodec.h */ = {isa = PBXFileReference; fileEncoding = 8; lastKnownFileType = sourcecode.c.h; name = ULRGCodec.h; path = utv_core/ULRGCodec.h; sourceTree = "<group>"; };
		258DB3F31411F8600059F47E /* utv_core.cpp */ = {isa = PBXFileReference; fileEncoding = 8; lastKnownFileType = sourcecode.cpp.cpp; name = utv_core.cpp; path = utv_core/utv_core.cpp; sourceTree = "<group>"; };
		258DB3F41411F8600059F47E /* utv_core.h */ = {isa = PBXFileReference; fileEncoding = 8; lastKnownFileType = sourcecode.c.h; name = utv_core.h; path = utv_core/utv_core.h; sourceTree = "<group>"; };
		258DB3F51411F8600059F47E /* utvideo.h */ = {isa = PBXFileReference; fileEncoding = 8; lastKnownFileType = sourcecode.c.h; name = utvideo.h; path = utv_core/utvideo.h; sourceTree = "<group>"; };
		258DB3FA1411F8C80059F47E /* utvideo.component */ = {isa = PBXFileReference; explicitFileType = wrapper.cfbundle; includeInIndex = 0; path = utvideo.component; sourceTree = BUILT_PRODUCTS_DIR; };
		258DB3FC1411F8C80059F47E /* utvideo-Info.plist */ = {isa = PBXFileReference; lastKnownFileType = text.plist.xml; path = "utvideo-Info.plist"; sourceTree = "<group>"; };
		25A0B6611605DC4F005B2E55 /* Format.cpp */ = {isa = PBXFileReference; fileEncoding = 8; lastKnownFileType = sourcecode.cpp.cpp; name = Format.cpp; path = utv_qt/Format.cpp; sourceTree = "<group>"; };
		25A0B6621605DC4F005B2E55 /* Format.h */ = {isa = PBXFileReference; fileEncoding = 8; lastKnownFileType = sourcecode.c.h; name = Format.h; path = utv_qt/Format.h; sourceTree = "<group>"; };
		25A4DCE117241CF300BEE7FB /* CPUID_asm_x86.asm */ = {isa = PBXFileReference; explicitFileType = sourcecode.nasm; fileEncoding = 8; name = CPUID_asm_x86.asm; path = utv_core/CPUID_asm_x86.asm; sourceTree = "<group>"; };
		25A4DCE217241CF300BEE7FB /* CPUID.h */ = {isa = PBXFileReference; fileEncoding = 8; lastKnownFileType = sourcecode.c.h; name = CPUID.h; path = utv_core/CPUID.h; sourceTree = "<group>"; };
		25CCB6ED18FD137F00076B45 /* ByteOrder.h */ = {isa = PBXFileReference; fileEncoding = 8; lastKnownFileType = sourcecode.c.h; name = ByteOrder.h; path = utv_core/ByteOrder.h; sourceTree = "<group>"; };
		25CCB6EE18FD137F00076B45 /* CodecBase.cpp */ = {isa = PBXFileReference; fileEncoding = 8; lastKnownFileType = sourcecode.cpp.cpp; name = CodecBase.cpp; path = utv_core/CodecBase.cpp; sourceTree = "<group>"; };
		25CCB6EF18FD137F00076B45 /* CodecBase.h */ = {isa = PBXFileReference; fileEncoding = 8; lastKnownFileType = sourcecode.c.h; name = CodecBase.h; path = utv_core/CodecBase.h; sourceTree = "<group>"; };
		25CCB6F018FD137F00076B45 /* UQ00Codec.cpp */ = {isa = PBXFileReference; fileEncoding = 8; lastKnownFileType = sourcecode.cpp.cpp; name = UQ00Codec.cpp; path = utv_core/UQ00Codec.cpp; sourceTree = "<group>"; };
		25CCB6F118FD137F00076B45 /* UQ00Codec.h */ = {isa = PBXFileReference; fileEncoding = 8; lastKnownFileType = sourcecode.c.h; name = UQ00Codec.h; path = utv_core/UQ00Codec.h; sourceTree = "<group>"; };
		25CCB6F218FD137F00076B45 /* UQY2Codec.cpp */ = {isa = PBXFileReference; fileEncoding = 8; lastKnownFileType = sourcecode.cpp.cpp; name = UQY2Codec.cpp; path = utv_core/UQY2Codec.cpp; sourceTree = "<group>"; };
		25CCB6F318FD137F00076B45 /* UQY2Codec.h */ = {isa = PBXFileReference; fileEncoding = 8; lastKnownFileType = sourcecode.c.h; name = UQY2Codec.h; path = utv_core/UQY2Codec.h; sourceTree = "<group>"; };
		25CCB6F418FD137F00076B45 /* version.h */ = {isa = PBXFileReference; fileEncoding = 8; lastKnownFileType = sourcecode.c.h; name = version.h; path = utv_core/version.h; sourceTree = "<group>"; };
		25CF5DF9172422DE0089819C /* TunedFunc_x86x64.cpp */ = {isa = PBXFileReference; fileEncoding = 8; lastKnownFileType = sourcecode.cpp.cpp; name = TunedFunc_x86x64.cpp; path = utv_core/TunedFunc_x86x64.cpp; sourceTree = "<group>"; };
		25D59BCC14CD624800FDCD1F /* QTCodec.cpp */ = {isa = PBXFileReference; fileEncoding = 8; lastKnownFileType = sourcecode.cpp.cpp; name = QTCodec.cpp; path = utv_qt/QTCodec.cpp; sourceTree = "<group>"; };
		25D59BCD14CD624800FDCD1F /* QTCodec.h */ = {isa = PBXFileReference; fileEncoding = 8; lastKnownFileType = sourcecode.c.h; name = QTCodec.h; path = utv_qt/QTCodec.h; sourceTree = "<group>"; };
		25D59BDD14CD6BA300FDCD1F /* QTEncoder.cpp */ = {isa = PBXFileReference; fileEncoding = 8; lastKnownFileType = sourcecode.cpp.cpp; name = QTEncoder.cpp; path = utv_qt/QTEncoder.cpp; sourceTree = "<group>"; };
		25D59BDE14CD6BA300FDCD1F /* QTEncoder.h */ = {isa = PBXFileReference; fileEncoding = 8; lastKnownFileType = sourcecode.c.h; name = QTEncoder.h; path = utv_qt/QTEncoder.h; sourceTree = "<group>"; };
		25D59BDF14CD6BA300FDCD1F /* QTEncoderDispatch.h */ = {isa = PBXFileReference; fileEncoding = 8; lastKnownFileType = sourcecode.c.h; name = QTEncoderDispatch.h; path = utv_qt/QTEncoderDispatch.h; sourceTree = "<group>"; };
		25F09D3E14122EC800D214B9 /* QTDecoder.cpp */ = {isa = PBXFileReference; fileEncoding = 8; lastKnownFileType = sourcecode.cpp.cpp; name = QTDecoder.cpp; path = utv_qt/QTDecoder.cpp; sourceTree = "<group>"; };
		25F09D3F14122EC800D214B9 /* QTDecoder.h */ = {isa = PBXFileReference; fileEncoding = 8; lastKnownFileType = sourcecode.c.h; name = QTDecoder.h; path = utv_qt/QTDecoder.h; sourceTree = "<group>"; };
		25F09D4014122EC800D214B9 /* QTDecoderDispatch.h */ = {isa = PBXFileReference; fileEncoding = 8; lastKnownFileType = sourcecode.c.h; name = QTDecoderDispatch.h; path = utv_qt/QTDecoderDispatch.h; sourceTree = "<group>"; };
		25F09D4114122EC800D214B9 /* stdafx.h */ = {isa = PBXFileReference; fileEncoding = 8; lastKnownFileType = sourcecode.c.h; name = stdafx.h; path = utv_qt/stdafx.h; sourceTree = "<group>"; };
		25F09D4214122EC900D214B9 /* utv_qt.r */ = {isa = PBXFileReference; fileEncoding = 8; lastKnownFileType = sourcecode.rez; name = utv_qt.r; path = utv_qt/utv_qt.r; sourceTree = "<group>"; };
		25F09D5414122FB800D214B9 /* Carbon.framework */ = {isa = PBXFileReference; lastKnownFileType = wrapper.framework; name = Carbon.framework; path = /System/Library/Frameworks/Carbon.framework; sourceTree = "<absolute>"; };
		25F09D5B14122FCF00D214B9 /* QuickTime.framework */ = {isa = PBXFileReference; lastKnownFileType = wrapper.framework; name = QuickTime.framework; path = /System/Library/Frameworks/QuickTime.framework; sourceTree = "<absolute>"; };
/* End PBXFileReference section */

/* Begin PBXFrameworksBuildPhase section */
		258DB3F81411F8C80059F47E /* Frameworks */ = {
			isa = PBXFrameworksBuildPhase;
			buildActionMask = 2147483647;
			files = (
				25F09D5514122FB800D214B9 /* Carbon.framework in Frameworks */,
				25F09D5C14122FCF00D214B9 /* QuickTime.framework in Frameworks */,
				2529170114D02DCB00A3813C /* CoreVideo.framework in Frameworks */,
			);
			runOnlyForDeploymentPostprocessing = 0;
		};
/* End PBXFrameworksBuildPhase section */

/* Begin PBXGroup section */
		258DB3C31411F4BA0059F47E = {
			isa = PBXGroup;
			children = (
				25F09D3B14122EA700D214B9 /* utv_core */,
				25F09D3D14122EB200D214B9 /* utv_qt */,
				258DB3FB1411F8C80059F47E /* Products */,
				258DB3FC1411F8C80059F47E /* utvideo-Info.plist */,
				25F09D5414122FB800D214B9 /* Carbon.framework */,
				2529170014D02DCB00A3813C /* CoreVideo.framework */,
				25F09D5B14122FCF00D214B9 /* QuickTime.framework */,
			);
			sourceTree = "<group>";
		};
		258DB3FB1411F8C80059F47E /* Products */ = {
			isa = PBXGroup;
			children = (
				258DB3FA1411F8C80059F47E /* utvideo.component */,
			);
			name = Products;
			sourceTree = "<group>";
		};
		25F09D3B14122EA700D214B9 /* utv_core */ = {
			isa = PBXGroup;
			children = (
				25CCB6ED18FD137F00076B45 /* ByteOrder.h */,
				25CCB6F418FD137F00076B45 /* version.h */,
				258DB3D41411F8600059F47E /* Codec.cpp */,
				258DB3D51411F8600059F47E /* Codec.h */,
				25CCB6EE18FD137F00076B45 /* CodecBase.cpp */,
				25CCB6EF18FD137F00076B45 /* CodecBase.h */,
				25817AE4175A052D00888CE2 /* Coefficient.h */,
				25307212175CC27500FB4793 /* Coefficient_asm_x86x64.mac */,
				25307213175CC27500FB4793 /* Coefficient_nasm.mac */,
				25817AE5175A052D00888CE2 /* ColorOrder.h */,
				2564C7B314823C7D00F1A9EB /* Common_asm_x86.mac */,
				258DB3D61411F8600059F47E /* Convert.cpp */,
				258DB3D71411F8600059F47E /* Convert.h */,
				2564C7B414823C7E00F1A9EB /* Convert_asm_x86.asm */,
				25A4DCE217241CF300BEE7FB /* CPUID.h */,
				25A4DCE117241CF300BEE7FB /* CPUID_asm_x86.asm */,
				258DB3D81411F8600059F47E /* DummyCodec.cpp */,
				258DB3D91411F8600059F47E /* DummyCodec.h */,
				258DB3DC1411F8600059F47E /* FrameBuffer.cpp */,
				258DB3DD1411F8600059F47E /* FrameBuffer.h */,
				258DB3DE1411F8600059F47E /* GlobalConfig.cpp */,
				258DB3DF1411F8600059F47E /* GlobalConfig.h */,
				258DB3E01411F8600059F47E /* HuffmanCode.cpp */,
				258DB3E11411F8600059F47E /* HuffmanCode.h */,
				2564C7B514823C7E00F1A9EB /* HuffmanCode_asm_x86.asm */,
				258DB3E21411F8600059F47E /* Predict.cpp */,
				258DB3E31411F8600059F47E /* Predict.h */,
				2564C7B614823C7E00F1A9EB /* Predict_asm_x86.asm */,
				258DB3E41411F8600059F47E /* stdafx.h */,
				258DB3E51411F8600059F47E /* Thread.cpp */,
				258DB3E61411F8600059F47E /* Thread.h */,
				258DB3E71411F8600059F47E /* TunedFunc.cpp */,
				258DB3E81411F8600059F47E /* TunedFunc.h */,
				25CF5DF9172422DE0089819C /* TunedFunc_x86x64.cpp */,
				258DB3E91411F8600059F47E /* UL00Codec.cpp */,
				258DB3EA1411F8600059F47E /* UL00Codec.h */,
				258DB3EB1411F8600059F47E /* ULRACodec.cpp */,
				258DB3EC1411F8600059F47E /* ULRACodec.h */,
				258DB3ED1411F8600059F47E /* ULRGCodec.cpp */,
				258DB3EE1411F8600059F47E /* ULRGCodec.h */,
				25817AE6175A052D00888CE2 /* ULYUV420Codec.cpp */,
				25817AE7175A052D00888CE2 /* ULYUV420Codec.h */,
				25817AE8175A052D00888CE2 /* ULYUV422Codec.cpp */,
				25817AE9175A052D00888CE2 /* ULYUV422Codec.h */,
				25CCB6F018FD137F00076B45 /* UQ00Codec.cpp */,
				25CCB6F118FD137F00076B45 /* UQ00Codec.h */,
				25CCB6F218FD137F00076B45 /* UQY2Codec.cpp */,
				25CCB6F318FD137F00076B45 /* UQY2Codec.h */,
				258DB3F31411F8600059F47E /* utv_core.cpp */,
				258DB3F41411F8600059F47E /* utv_core.h */,
				258DB3F51411F8600059F47E /* utvideo.h */,
			);
			name = utv_core;
			sourceTree = "<group>";
		};
		25F09D3D14122EB200D214B9 /* utv_qt */ = {
			isa = PBXGroup;
			children = (
				25A0B6611605DC4F005B2E55 /* Format.cpp */,
				25A0B6621605DC4F005B2E55 /* Format.h */,
				2510B6B41417BCB100EA5F2F /* Mutex.h */,
				25D59BCC14CD624800FDCD1F /* QTCodec.cpp */,
				25D59BCD14CD624800FDCD1F /* QTCodec.h */,
				25F09D3E14122EC800D214B9 /* QTDecoder.cpp */,
				25F09D3F14122EC800D214B9 /* QTDecoder.h */,
				25F09D4014122EC800D214B9 /* QTDecoderDispatch.h */,
				25D59BDD14CD6BA300FDCD1F /* QTEncoder.cpp */,
				25D59BDE14CD6BA300FDCD1F /* QTEncoder.h */,
				25D59BDF14CD6BA300FDCD1F /* QTEncoderDispatch.h */,
				25F09D4114122EC800D214B9 /* stdafx.h */,
				2510B6C31417BDDE00EA5F2F /* utv_qt.in.r */,
				25F09D4214122EC900D214B9 /* utv_qt.r */,
			);
			name = utv_qt;
			sourceTree = "<group>";
		};
/* End PBXGroup section */

/* Begin PBXNativeTarget section */
		258DB3F91411F8C80059F47E /* utvideo */ = {
			isa = PBXNativeTarget;
			buildConfigurationList = 258DB3FF1411F8C90059F47E /* Build configuration list for PBXNativeTarget "utvideo" */;
			buildPhases = (
				258DB3F61411F8C80059F47E /* Resources */,
				258DB3F71411F8C80059F47E /* Sources */,
				258DB3F81411F8C80059F47E /* Frameworks */,
				25F09D3C14122EA700D214B9 /* Rez */,
			);
			buildRules = (
			);
			dependencies = (
			);
			name = utvideo;
			productName = utvideo;
			productReference = 258DB3FA1411F8C80059F47E /* utvideo.component */;
			productType = "com.apple.product-type.bundle";
		};
/* End PBXNativeTarget section */

/* Begin PBXProject section */
		258DB3C51411F4BA0059F47E /* Project object */ = {
			isa = PBXProject;
			buildConfigurationList = 258DB3C81411F4BA0059F47E /* Build configuration list for PBXProject "utvideo" */;
			compatibilityVersion = "Xcode 2.4";
			developmentRegion = English;
			hasScannedForEncodings = 0;
			knownRegions = (
				English,
				Japanese,
				French,
				German,
			);
			mainGroup = 258DB3C31411F4BA0059F47E;
			productRefGroup = 258DB3FB1411F8C80059F47E /* Products */;
			projectDirPath = "";
			projectRoot = "";
			targets = (
				258DB3F91411F8C80059F47E /* utvideo */,
			);
		};
/* End PBXProject section */

/* Begin PBXResourcesBuildPhase section */
		258DB3F61411F8C80059F47E /* Resources */ = {
			isa = PBXResourcesBuildPhase;
			buildActionMask = 2147483647;
			files = (
			);
			runOnlyForDeploymentPostprocessing = 0;
		};
/* End PBXResourcesBuildPhase section */

/* Begin PBXRezBuildPhase section */
		25F09D3C14122EA700D214B9 /* Rez */ = {
			isa = PBXRezBuildPhase;
			buildActionMask = 2147483647;
			files = (
				25F09D4414122EC900D214B9 /* utv_qt.r in Rez */,
			);
			runOnlyForDeploymentPostprocessing = 0;
		};
/* End PBXRezBuildPhase section */

/* Begin PBXSourcesBuildPhase section */
		258DB3F71411F8C80059F47E /* Sources */ = {
			isa = PBXSourcesBuildPhase;
			buildActionMask = 2147483647;
			files = (
				258DB4001411F91A0059F47E /* Codec.cpp in Sources */,
				258DB4011411F9290059F47E /* Convert.cpp in Sources */,
				2564C7B914823C7E00F1A9EB /* Convert_asm_x86.asm in Sources */,
				258DB4021411F9290059F47E /* DummyCodec.cpp in Sources */,
				258DB4041411F9290059F47E /* FrameBuffer.cpp in Sources */,
				258DB4051411F9290059F47E /* GlobalConfig.cpp in Sources */,
				258DB4061411F9290059F47E /* HuffmanCode.cpp in Sources */,
				2564C7BA14823C7E00F1A9EB /* HuffmanCode_asm_x86.asm in Sources */,
				258DB4071411F9290059F47E /* Predict.cpp in Sources */,
				2564C7BB14823C7E00F1A9EB /* Predict_asm_x86.asm in Sources */,
				258DB4081411F9290059F47E /* Thread.cpp in Sources */,
				258DB4091411F9290059F47E /* TunedFunc.cpp in Sources */,
				258DB40A1411F9290059F47E /* UL00Codec.cpp in Sources */,
				258DB40B1411F9290059F47E /* ULRACodec.cpp in Sources */,
				258DB40C1411F9290059F47E /* ULRGCodec.cpp in Sources */,
				258DB40F1411F9290059F47E /* utv_core.cpp in Sources */,
				25F09D4314122EC900D214B9 /* QTDecoder.cpp in Sources */,
				25D59BCE14CD624800FDCD1F /* QTCodec.cpp in Sources */,
				25D59BE014CD6BA300FDCD1F /* QTEncoder.cpp in Sources */,
				25A0B6631605DC4F005B2E55 /* Format.cpp in Sources */,
				25A4DCE317241CF300BEE7FB /* CPUID_asm_x86.asm in Sources */,
				25817AEA175A052D00888CE2 /* ULYUV420Codec.cpp in Sources */,
				25817AEB175A052D00888CE2 /* ULYUV422Codec.cpp in Sources */,
				25CCB6F518FD137F00076B45 /* CodecBase.cpp in Sources */,
				25CCB6F618FD137F00076B45 /* UQ00Codec.cpp in Sources */,
				25CCB6F718FD137F00076B45 /* UQY2Codec.cpp in Sources */,
			);
			runOnlyForDeploymentPostprocessing = 0;
		};
/* End PBXSourcesBuildPhase section */

/* Begin XCBuildConfiguration section */
		258DB3C61411F4BA0059F47E /* Debug */ = {
			isa = XCBuildConfiguration;
			buildSettings = {
				COPY_PHASE_STRIP = NO;
			};
			name = Debug;
		};
		258DB3C71411F4BA0059F47E /* Release */ = {
			isa = XCBuildConfiguration;
			buildSettings = {
				COPY_PHASE_STRIP = YES;
			};
			name = Release;
		};
		258DB3FD1411F8C90059F47E /* Debug */ = {
			isa = XCBuildConfiguration;
			buildSettings = {
				ALWAYS_SEARCH_USER_PATHS = NO;
				COPY_PHASE_STRIP = NO;
				GCC_DYNAMIC_NO_PIC = NO;
				GCC_ENABLE_FIX_AND_CONTINUE = YES;
				GCC_MODEL_TUNING = G5;
				GCC_OPTIMIZATION_LEVEL = 0;
				GCC_PRECOMPILE_PREFIX_HEADER = YES;
				GCC_PREFIX_HEADER = "";
				INFOPLIST_FILE = "utvideo-Info.plist";
				INSTALL_PATH = "$(HOME)/Library/Bundles";
				OTHER_LDFLAGS = (
					"-read_only_relocs",
					suppress,
				);
				PREBINDING = NO;
				PRODUCT_NAME = utvideo;
				SDKROOT = /Developer/SDKs/MacOSX10.5.sdk;
				WRAPPER_EXTENSION = component;
			};
			name = Debug;
		};
		258DB3FE1411F8C90059F47E /* Release */ = {
			isa = XCBuildConfiguration;
			buildSettings = {
				ALWAYS_SEARCH_USER_PATHS = NO;
				COPY_PHASE_STRIP = YES;
				DEBUG_INFORMATION_FORMAT = "dwarf-with-dsym";
				GCC_DYNAMIC_NO_PIC = NO;
				GCC_ENABLE_FIX_AND_CONTINUE = NO;
				GCC_MODEL_TUNING = G5;
				GCC_PRECOMPILE_PREFIX_HEADER = YES;
				GCC_PREFIX_HEADER = "";
				INFOPLIST_FILE = "utvideo-Info.plist";
				INSTALL_PATH = "$(HOME)/Library/Bundles";
				OTHER_LDFLAGS = (
					"-read_only_relocs",
					suppress,
				);
				PREBINDING = NO;
				PRODUCT_NAME = utvideo;
				SDKROOT = /Developer/SDKs/MacOSX10.5.sdk;
				WRAPPER_EXTENSION = component;
				ZERO_LINK = NO;
			};
			name = Release;
		};
/* End XCBuildConfiguration section */

/* Begin XCConfigurationList section */
		258DB3C81411F4BA0059F47E /* Build configuration list for PBXProject "utvideo" */ = {
			isa = XCConfigurationList;
			buildConfigurations = (
				258DB3C61411F4BA0059F47E /* Debug */,
				258DB3C71411F4BA0059F47E /* Release */,
			);
			defaultConfigurationIsVisible = 0;
			defaultConfigurationName = Release;
		};
		258DB3FF1411F8C90059F47E /* Build configuration list for PBXNativeTarget "utvideo" */ = {
			isa = XCConfigurationList;
			buildConfigurations = (
				258DB3FD1411F8C90059F47E /* Debug */,
				258DB3FE1411F8C90059F47E /* Release */,
			);
			defaultConfigurationIsVisible = 0;
			defaultConfigurationName = Release;
		};
/* End XCConfigurationList section */
	};
	rootObject = 258DB3C51411F4BA0059F47E /* Project object */;
}
